PODS:
  - Firebase (3.15.0):
    - Firebase/Core (= 3.15.0)
  - Firebase/Core (3.15.0):
    - FirebaseAnalytics (= 3.7.0)
    - FirebaseCore (= 3.5.2)
  - Firebase/Database (3.15.0):
    - Firebase/Core
    - FirebaseDatabase (= 3.1.2)
  - FirebaseAnalytics (3.7.0):
    - FirebaseCore (~> 3.5)
    - FirebaseInstanceID (~> 1.0)
    - GoogleToolboxForMac/NSData+zlib (~> 2.1)
  - FirebaseCore (3.5.2):
    - GoogleToolboxForMac/NSData+zlib (~> 2.1)
  - FirebaseDatabase (3.1.2):
    - FirebaseAnalytics (~> 3.7)
  - FirebaseInstanceID (1.0.9)
  - GoogleToolboxForMac/Defines (2.1.1)
  - GoogleToolboxForMac/NSData+zlib (2.1.1):
    - GoogleToolboxForMac/Defines (= 2.1.1)
  - IQKeyboardManagerSwift (4.0.8)
  - Ji (2.0.1):
    - Ji/Ji (= 2.0.1)
  - Ji/Ji (2.0.1):
    - Ji/Ji-libxml
  - Ji/Ji-libxml (2.0.1)
  - ReadabilityKit (0.6.1):
    - Ji (~> 2.0.1)

DEPENDENCIES:
  - Firebase
  - Firebase/Core
  - Firebase/Database
  - IQKeyboardManagerSwift
  - ReadabilityKit

SPEC CHECKSUMS:
  Firebase: 2b1cdfba1cda8589f32904a697cc753322bff9d8
  FirebaseAnalytics: 0d1b7d81d5021155be37702a94ba1ec16d45365d
  FirebaseCore: a024587e43778508700af8c6b1209f7c4516ba02
  FirebaseDatabase: 05c96d7b43a7368dc91c07791adb49683e1738d1
  FirebaseInstanceID: 2d0518b1378fe9d685ef40cbdd63d2fdc1125339
  GoogleToolboxForMac: 8e329f1b599f2512c6b10676d45736bcc2cbbeb0
  IQKeyboardManagerSwift: c04bc9f68473823f825eb44d958fce98d921bead
  Ji: 6bb602a28dd08b804158f64990e6051ed5de0110
  ReadabilityKit: 49c26a2da9708ae3b355854d5bee6a7edee2dfee

PODFILE CHECKSUM: 9821ffb757bf2f08e49043e5df8d1f7cefafcbb3

COCOAPODS: 1.0.0
